// !$*UTF8*$!
{
	archiveVersion = 1;
	classes = {
	};
	objectVersion = 51;
	objects = {

/* Begin PBXBuildFile section */
		0E38713322F823F800A2C14C /* AppDelegate.swift in Sources */ = {isa = PBXBuildFile; fileRef = 0E38713222F823F800A2C14C /* AppDelegate.swift */; };
		0E38713A22F823FF00A2C14C /* Assets.xcassets in Resources */ = {isa = PBXBuildFile; fileRef = 0E38713922F823FF00A2C14C /* Assets.xcassets */; };
		0E38713D22F823FF00A2C14C /* LaunchScreen.storyboard in Resources */ = {isa = PBXBuildFile; fileRef = 0E38713B22F823FF00A2C14C /* LaunchScreen.storyboard */; };
		0E38714822F823FF00A2C14C /* TestApplicationTests.swift in Sources */ = {isa = PBXBuildFile; fileRef = 0E38714722F823FF00A2C14C /* TestApplicationTests.swift */; };
		0E38715322F823FF00A2C14C /* TestApplicationUITests.swift in Sources */ = {isa = PBXBuildFile; fileRef = 0E38715222F823FF00A2C14C /* TestApplicationUITests.swift */; };
		0E38716A22F82AC000A2C14C /* APIClient.swift in Sources */ = {isa = PBXBuildFile; fileRef = 0E38716922F82AC000A2C14C /* APIClient.swift */; };
		0E38717222F833D600A2C14C /* Utilities.swift in Sources */ = {isa = PBXBuildFile; fileRef = 0E38717122F833D600A2C14C /* Utilities.swift */; };
		0E38717422F833FE00A2C14C /* Constants.swift in Sources */ = {isa = PBXBuildFile; fileRef = 0E38717322F833FE00A2C14C /* Constants.swift */; };
		0E7291D423BC77F1006F8343 /* UiStoryboard+Extensions.swift in Sources */ = {isa = PBXBuildFile; fileRef = 0E7291D323BC77F1006F8343 /* UiStoryboard+Extensions.swift */; };
		0E7291D623BC8507006F8343 /* User.storyboard in Resources */ = {isa = PBXBuildFile; fileRef = 0E7291D523BC8507006F8343 /* User.storyboard */; };
		0E864A5F23BA10CA007B0306 /* Main.storyboard in Resources */ = {isa = PBXBuildFile; fileRef = 0E864A5E23BA10CA007B0306 /* Main.storyboard */; };
		0E97F0DD23BCA2A30026D0B2 /* Alamofire.framework in Frameworks */ = {isa = PBXBuildFile; fileRef = 0E97F0DC23BCA2A30026D0B2 /* Alamofire.framework */; };
		0E97F0DF23BCA2A30026D0B2 /* AlamofireImage.framework in Frameworks */ = {isa = PBXBuildFile; fileRef = 0E97F0DE23BCA2A30026D0B2 /* AlamofireImage.framework */; };
		0E97F0E123BCA2A30026D0B2 /* AlamofireObjectMapper.framework in Frameworks */ = {isa = PBXBuildFile; fileRef = 0E97F0E023BCA2A30026D0B2 /* AlamofireObjectMapper.framework */; };
		0E9F06CF23BB0BC400481A9D /* RegisterResponse.swift in Sources */ = {isa = PBXBuildFile; fileRef = 0E9F06CD23BB0BC400481A9D /* RegisterResponse.swift */; };
		0E9F06D023BB0BC400481A9D /* UserListResponse.swift in Sources */ = {isa = PBXBuildFile; fileRef = 0E9F06CE23BB0BC400481A9D /* UserListResponse.swift */; };
		0E9F06D423BB0C0300481A9D /* APIModel.swift in Sources */ = {isa = PBXBuildFile; fileRef = 0E9F06D123BB0C0200481A9D /* APIModel.swift */; };
		0E9F06D523BB0C0300481A9D /* ResponseError.swift in Sources */ = {isa = PBXBuildFile; fileRef = 0E9F06D223BB0C0200481A9D /* ResponseError.swift */; };
		0E9F06D623BB0C0300481A9D /* Employee.swift in Sources */ = {isa = PBXBuildFile; fileRef = 0E9F06D323BB0C0200481A9D /* Employee.swift */; };
		0E9F06D823BB11FB00481A9D /* RegisterViewController.swift in Sources */ = {isa = PBXBuildFile; fileRef = 0E9F06D723BB11FB00481A9D /* RegisterViewController.swift */; };
		0E9F06DC23BB243000481A9D /* RegisterViewModel.swift in Sources */ = {isa = PBXBuildFile; fileRef = 0E9F06DB23BB243000481A9D /* RegisterViewModel.swift */; };
		0E9F06DE23BB249A00481A9D /* User.swift in Sources */ = {isa = PBXBuildFile; fileRef = 0E9F06DD23BB249A00481A9D /* User.swift */; };
		0E9F06E123BB425400481A9D /* localizable.strings in Resources */ = {isa = PBXBuildFile; fileRef = 0E9F06E023BB425400481A9D /* localizable.strings */; };
		0E9F06E423BB431A00481A9D /* English.strings in Resources */ = {isa = PBXBuildFile; fileRef = 0E9F06E323BB431A00481A9D /* English.strings */; };
		0E9F06E623BB432800481A9D /* Spanish.strings in Resources */ = {isa = PBXBuildFile; fileRef = 0E9F06E523BB432800481A9D /* Spanish.strings */; };
		0EBC7EF623BC8F91008BBC1D /* HomeViewController.swift in Sources */ = {isa = PBXBuildFile; fileRef = 0EBC7EF523BC8F91008BBC1D /* HomeViewController.swift */; };
		722EE78AA9118084842E5403 /* Pods_NewApplicationTests.framework in Frameworks */ = {isa = PBXBuildFile; fileRef = 85A872DCB0BA54192646199A /* Pods_NewApplicationTests.framework */; };
		81295693235AF2D50072501C /* String+Extensions.swift in Sources */ = {isa = PBXBuildFile; fileRef = 81295692235AF2D50072501C /* String+Extensions.swift */; };
		81295695235AF2E30072501C /* Date+Extensions.swift in Sources */ = {isa = PBXBuildFile; fileRef = 81295694235AF2E30072501C /* Date+Extensions.swift */; };
		812B7934235BCB1500A42469 /* ImageDownloader.swift in Sources */ = {isa = PBXBuildFile; fileRef = 812B7933235BCB1500A42469 /* ImageDownloader.swift */; };
		812B7936235BCBDB00A42469 /* UInt+Extensions.swift in Sources */ = {isa = PBXBuildFile; fileRef = 812B7935235BCBDB00A42469 /* UInt+Extensions.swift */; };
		8167CCAA23241812002D569D /* JobsSuccess.json in Resources */ = {isa = PBXBuildFile; fileRef = 8167CCA923241812002D569D /* JobsSuccess.json */; };
		8167CCB02324CBFA002D569D /* Job01.json in Resources */ = {isa = PBXBuildFile; fileRef = 8167CCAF2324CBFA002D569D /* Job01.json */; };
		8167CCB22324DA9D002D569D /* Job02.json in Resources */ = {isa = PBXBuildFile; fileRef = 8167CCB12324DA9D002D569D /* Job02.json */; };
		8167CCB42324DAAF002D569D /* Job03.json in Resources */ = {isa = PBXBuildFile; fileRef = 8167CCB32324DAAF002D569D /* Job03.json */; };
		8167CCB623253F7B002D569D /* UIColor+Extensions.swift in Sources */ = {isa = PBXBuildFile; fileRef = 8167CCB523253F7B002D569D /* UIColor+Extensions.swift */; };
		81C68F7B232402BC009B3B19 /* APIClientProtocol.swift in Sources */ = {isa = PBXBuildFile; fileRef = 81C68F7A232402BC009B3B19 /* APIClientProtocol.swift */; };
		81C68F7F23240391009B3B19 /* XCTest+Extension.swift in Sources */ = {isa = PBXBuildFile; fileRef = 81C68F7E23240391009B3B19 /* XCTest+Extension.swift */; };
		81C68F8123240B61009B3B19 /* Mockingjay.framework in Frameworks */ = {isa = PBXBuildFile; fileRef = 81C68F8023240B61009B3B19 /* Mockingjay.framework */; };
		81C68F8323240B68009B3B19 /* Nimble.framework in Frameworks */ = {isa = PBXBuildFile; fileRef = 81C68F8223240B68009B3B19 /* Nimble.framework */; };
		81C68F8523240B70009B3B19 /* URITemplate.framework in Frameworks */ = {isa = PBXBuildFile; fileRef = 81C68F8423240B70009B3B19 /* URITemplate.framework */; settings = {ATTRIBUTES = (Required, ); }; };
		81E0B2412325767700B83A4D /* MKProgress.framework in Frameworks */ = {isa = PBXBuildFile; fileRef = 81E0B2402325767700B83A4D /* MKProgress.framework */; };
		81E0B2432325767700B83A4D /* ObjectMapper.framework in Frameworks */ = {isa = PBXBuildFile; fileRef = 81E0B2422325767700B83A4D /* ObjectMapper.framework */; };
		81E0B24D2325767700B83A4D /* SwiftKeychainWrapper.framework in Frameworks */ = {isa = PBXBuildFile; fileRef = 81E0B24C2325767700B83A4D /* SwiftKeychainWrapper.framework */; };
		81E0B24F2325767700B83A4D /* SwiftyJSON.framework in Frameworks */ = {isa = PBXBuildFile; fileRef = 81E0B24E2325767700B83A4D /* SwiftyJSON.framework */; };
		948AC6890CB64859E5C10D63 /* Pods_NewApplication.framework in Frameworks */ = {isa = PBXBuildFile; fileRef = 0D63D201FB63907B2FCD9EC2 /* Pods_NewApplication.framework */; };
		B81FE0CCBD636D890973C4E9 /* Pods_NewApplicationUITests.framework in Frameworks */ = {isa = PBXBuildFile; fileRef = FEF6070F3EC72BD2C1EFF781 /* Pods_NewApplicationUITests.framework */; };
/* End PBXBuildFile section */

/* Begin PBXContainerItemProxy section */
		0E38714422F823FF00A2C14C /* PBXContainerItemProxy */ = {
			isa = PBXContainerItemProxy;
			containerPortal = 0E38712722F823F700A2C14C /* Project object */;
			proxyType = 1;
			remoteGlobalIDString = 0E38712E22F823F800A2C14C;
			remoteInfo = TestApplication;
		};
		0E38714F22F823FF00A2C14C /* PBXContainerItemProxy */ = {
			isa = PBXContainerItemProxy;
			containerPortal = 0E38712722F823F700A2C14C /* Project object */;
			proxyType = 1;
			remoteGlobalIDString = 0E38712E22F823F800A2C14C;
			remoteInfo = TestApplication;
		};
/* End PBXContainerItemProxy section */

/* Begin PBXFileReference section */
		0D63D201FB63907B2FCD9EC2 /* Pods_NewApplication.framework */ = {isa = PBXFileReference; explicitFileType = wrapper.framework; includeInIndex = 0; path = Pods_NewApplication.framework; sourceTree = BUILT_PRODUCTS_DIR; };
		0E38712F22F823F800A2C14C /* NewApplication.app */ = {isa = PBXFileReference; explicitFileType = wrapper.application; includeInIndex = 0; path = NewApplication.app; sourceTree = BUILT_PRODUCTS_DIR; };
		0E38713222F823F800A2C14C /* AppDelegate.swift */ = {isa = PBXFileReference; lastKnownFileType = sourcecode.swift; path = AppDelegate.swift; sourceTree = "<group>"; };
		0E38713922F823FF00A2C14C /* Assets.xcassets */ = {isa = PBXFileReference; lastKnownFileType = folder.assetcatalog; path = Assets.xcassets; sourceTree = "<group>"; };
		0E38713C22F823FF00A2C14C /* Base */ = {isa = PBXFileReference; lastKnownFileType = file.storyboard; name = Base; path = Base.lproj/LaunchScreen.storyboard; sourceTree = "<group>"; };
		0E38713E22F823FF00A2C14C /* Info.plist */ = {isa = PBXFileReference; lastKnownFileType = text.plist.xml; path = Info.plist; sourceTree = "<group>"; };
		0E38714322F823FF00A2C14C /* NewApplicationTests.xctest */ = {isa = PBXFileReference; explicitFileType = wrapper.cfbundle; includeInIndex = 0; path = NewApplicationTests.xctest; sourceTree = BUILT_PRODUCTS_DIR; };
		0E38714722F823FF00A2C14C /* TestApplicationTests.swift */ = {isa = PBXFileReference; lastKnownFileType = sourcecode.swift; path = TestApplicationTests.swift; sourceTree = "<group>"; };
		0E38714922F823FF00A2C14C /* Info.plist */ = {isa = PBXFileReference; lastKnownFileType = text.plist.xml; path = Info.plist; sourceTree = "<group>"; };
		0E38714E22F823FF00A2C14C /* NewApplicationUITests.xctest */ = {isa = PBXFileReference; explicitFileType = wrapper.cfbundle; includeInIndex = 0; path = NewApplicationUITests.xctest; sourceTree = BUILT_PRODUCTS_DIR; };
		0E38715222F823FF00A2C14C /* TestApplicationUITests.swift */ = {isa = PBXFileReference; lastKnownFileType = sourcecode.swift; path = TestApplicationUITests.swift; sourceTree = "<group>"; };
		0E38715422F823FF00A2C14C /* Info.plist */ = {isa = PBXFileReference; lastKnownFileType = text.plist.xml; path = Info.plist; sourceTree = "<group>"; };
		0E38716922F82AC000A2C14C /* APIClient.swift */ = {isa = PBXFileReference; lastKnownFileType = sourcecode.swift; path = APIClient.swift; sourceTree = "<group>"; };
		0E38717122F833D600A2C14C /* Utilities.swift */ = {isa = PBXFileReference; lastKnownFileType = sourcecode.swift; path = Utilities.swift; sourceTree = "<group>"; };
		0E38717322F833FE00A2C14C /* Constants.swift */ = {isa = PBXFileReference; lastKnownFileType = sourcecode.swift; path = Constants.swift; sourceTree = "<group>"; };
		0E7291D323BC77F1006F8343 /* UiStoryboard+Extensions.swift */ = {isa = PBXFileReference; lastKnownFileType = sourcecode.swift; path = "UiStoryboard+Extensions.swift"; sourceTree = "<group>"; };
		0E7291D523BC8507006F8343 /* User.storyboard */ = {isa = PBXFileReference; lastKnownFileType = file.storyboard; path = User.storyboard; sourceTree = "<group>"; };
		0E864A5E23BA10CA007B0306 /* Main.storyboard */ = {isa = PBXFileReference; lastKnownFileType = file.storyboard; path = Main.storyboard; sourceTree = "<group>"; };
		0E97F0DC23BCA2A30026D0B2 /* Alamofire.framework */ = {isa = PBXFileReference; explicitFileType = wrapper.framework; path = Alamofire.framework; sourceTree = BUILT_PRODUCTS_DIR; };
		0E97F0DE23BCA2A30026D0B2 /* AlamofireImage.framework */ = {isa = PBXFileReference; explicitFileType = wrapper.framework; path = AlamofireImage.framework; sourceTree = BUILT_PRODUCTS_DIR; };
		0E97F0E023BCA2A30026D0B2 /* AlamofireObjectMapper.framework */ = {isa = PBXFileReference; explicitFileType = wrapper.framework; path = AlamofireObjectMapper.framework; sourceTree = BUILT_PRODUCTS_DIR; };
		0E9F06CD23BB0BC400481A9D /* RegisterResponse.swift */ = {isa = PBXFileReference; fileEncoding = 4; lastKnownFileType = sourcecode.swift; path = RegisterResponse.swift; sourceTree = "<group>"; };
		0E9F06CE23BB0BC400481A9D /* UserListResponse.swift */ = {isa = PBXFileReference; fileEncoding = 4; lastKnownFileType = sourcecode.swift; path = UserListResponse.swift; sourceTree = "<group>"; };
		0E9F06D123BB0C0200481A9D /* APIModel.swift */ = {isa = PBXFileReference; fileEncoding = 4; lastKnownFileType = sourcecode.swift; path = APIModel.swift; sourceTree = "<group>"; };
		0E9F06D223BB0C0200481A9D /* ResponseError.swift */ = {isa = PBXFileReference; fileEncoding = 4; lastKnownFileType = sourcecode.swift; path = ResponseError.swift; sourceTree = "<group>"; };
		0E9F06D323BB0C0200481A9D /* Employee.swift */ = {isa = PBXFileReference; fileEncoding = 4; lastKnownFileType = sourcecode.swift; path = Employee.swift; sourceTree = "<group>"; };
		0E9F06D723BB11FB00481A9D /* RegisterViewController.swift */ = {isa = PBXFileReference; lastKnownFileType = sourcecode.swift; path = RegisterViewController.swift; sourceTree = "<group>"; };
		0E9F06DB23BB243000481A9D /* RegisterViewModel.swift */ = {isa = PBXFileReference; lastKnownFileType = sourcecode.swift; path = RegisterViewModel.swift; sourceTree = "<group>"; };
		0E9F06DD23BB249A00481A9D /* User.swift */ = {isa = PBXFileReference; lastKnownFileType = sourcecode.swift; path = User.swift; sourceTree = "<group>"; };
		0E9F06E023BB425400481A9D /* localizable.strings */ = {isa = PBXFileReference; lastKnownFileType = text.plist.strings; path = localizable.strings; sourceTree = "<group>"; };
		0E9F06E323BB431A00481A9D /* English.strings */ = {isa = PBXFileReference; lastKnownFileType = text.plist.strings; path = English.strings; sourceTree = "<group>"; };
		0E9F06E523BB432800481A9D /* Spanish.strings */ = {isa = PBXFileReference; lastKnownFileType = text.plist.strings; path = Spanish.strings; sourceTree = "<group>"; };
		0EBC7EF523BC8F91008BBC1D /* HomeViewController.swift */ = {isa = PBXFileReference; lastKnownFileType = sourcecode.swift; path = HomeViewController.swift; sourceTree = "<group>"; };
		4A4596A5B46C4C18D0B40D30 /* Pods-NewApplicationUITests.debug.xcconfig */ = {isa = PBXFileReference; includeInIndex = 1; lastKnownFileType = text.xcconfig; name = "Pods-NewApplicationUITests.debug.xcconfig"; path = "Target Support Files/Pods-NewApplicationUITests/Pods-NewApplicationUITests.debug.xcconfig"; sourceTree = "<group>"; };
		4F1F4437DC256C204CE8ECE2 /* Pods-TestApplicationTests.debug.xcconfig */ = {isa = PBXFileReference; includeInIndex = 1; lastKnownFileType = text.xcconfig; name = "Pods-TestApplicationTests.debug.xcconfig"; path = "Target Support Files/Pods-TestApplicationTests/Pods-TestApplicationTests.debug.xcconfig"; sourceTree = "<group>"; };
		63B7C442238A498F254240DB /* Pods-NewApplicationTests.debug.xcconfig */ = {isa = PBXFileReference; includeInIndex = 1; lastKnownFileType = text.xcconfig; name = "Pods-NewApplicationTests.debug.xcconfig"; path = "Target Support Files/Pods-NewApplicationTests/Pods-NewApplicationTests.debug.xcconfig"; sourceTree = "<group>"; };
		6606E4A8154781B94A53A06D /* Pods-NewApplication.debug.xcconfig */ = {isa = PBXFileReference; includeInIndex = 1; lastKnownFileType = text.xcconfig; name = "Pods-NewApplication.debug.xcconfig"; path = "Target Support Files/Pods-NewApplication/Pods-NewApplication.debug.xcconfig"; sourceTree = "<group>"; };
		74F0B4C7958002EBBDC24F5B /* Pods-TestApplication.release.xcconfig */ = {isa = PBXFileReference; includeInIndex = 1; lastKnownFileType = text.xcconfig; name = "Pods-TestApplication.release.xcconfig"; path = "Target Support Files/Pods-TestApplication/Pods-TestApplication.release.xcconfig"; sourceTree = "<group>"; };
		7FEC1497CD568CFFE4805123 /* Pods-TestApplicationUITests.release.xcconfig */ = {isa = PBXFileReference; includeInIndex = 1; lastKnownFileType = text.xcconfig; name = "Pods-TestApplicationUITests.release.xcconfig"; path = "Target Support Files/Pods-TestApplicationUITests/Pods-TestApplicationUITests.release.xcconfig"; sourceTree = "<group>"; };
		81295692235AF2D50072501C /* String+Extensions.swift */ = {isa = PBXFileReference; lastKnownFileType = sourcecode.swift; path = "String+Extensions.swift"; sourceTree = "<group>"; };
		81295694235AF2E30072501C /* Date+Extensions.swift */ = {isa = PBXFileReference; lastKnownFileType = sourcecode.swift; path = "Date+Extensions.swift"; sourceTree = "<group>"; };
		812B7933235BCB1500A42469 /* ImageDownloader.swift */ = {isa = PBXFileReference; lastKnownFileType = sourcecode.swift; path = ImageDownloader.swift; sourceTree = "<group>"; };
		812B7935235BCBDB00A42469 /* UInt+Extensions.swift */ = {isa = PBXFileReference; lastKnownFileType = sourcecode.swift; path = "UInt+Extensions.swift"; sourceTree = "<group>"; };
		8167CCA223240DB5002D569D /* Mockingjay.framework */ = {isa = PBXFileReference; explicitFileType = wrapper.framework; path = Mockingjay.framework; sourceTree = BUILT_PRODUCTS_DIR; };
		8167CCA423240DBA002D569D /* Nimble.framework */ = {isa = PBXFileReference; explicitFileType = wrapper.framework; path = Nimble.framework; sourceTree = BUILT_PRODUCTS_DIR; };
		8167CCA623240DC3002D569D /* URITemplate.framework */ = {isa = PBXFileReference; explicitFileType = wrapper.framework; path = URITemplate.framework; sourceTree = BUILT_PRODUCTS_DIR; };
		8167CCA923241812002D569D /* JobsSuccess.json */ = {isa = PBXFileReference; lastKnownFileType = text.json; path = JobsSuccess.json; sourceTree = "<group>"; };
		8167CCAF2324CBFA002D569D /* Job01.json */ = {isa = PBXFileReference; lastKnownFileType = text.json; path = Job01.json; sourceTree = "<group>"; };
		8167CCB12324DA9D002D569D /* Job02.json */ = {isa = PBXFileReference; lastKnownFileType = text.json; path = Job02.json; sourceTree = "<group>"; };
		8167CCB32324DAAF002D569D /* Job03.json */ = {isa = PBXFileReference; lastKnownFileType = text.json; path = Job03.json; sourceTree = "<group>"; };
		8167CCB523253F7B002D569D /* UIColor+Extensions.swift */ = {isa = PBXFileReference; lastKnownFileType = sourcecode.swift; path = "UIColor+Extensions.swift"; sourceTree = "<group>"; };
		81C68F7A232402BC009B3B19 /* APIClientProtocol.swift */ = {isa = PBXFileReference; lastKnownFileType = sourcecode.swift; path = APIClientProtocol.swift; sourceTree = "<group>"; };
		81C68F7E23240391009B3B19 /* XCTest+Extension.swift */ = {isa = PBXFileReference; lastKnownFileType = sourcecode.swift; path = "XCTest+Extension.swift"; sourceTree = "<group>"; };
		81C68F8023240B61009B3B19 /* Mockingjay.framework */ = {isa = PBXFileReference; explicitFileType = wrapper.framework; path = Mockingjay.framework; sourceTree = BUILT_PRODUCTS_DIR; };
		81C68F8223240B68009B3B19 /* Nimble.framework */ = {isa = PBXFileReference; explicitFileType = wrapper.framework; path = Nimble.framework; sourceTree = BUILT_PRODUCTS_DIR; };
		81C68F8423240B70009B3B19 /* URITemplate.framework */ = {isa = PBXFileReference; explicitFileType = wrapper.framework; path = URITemplate.framework; sourceTree = BUILT_PRODUCTS_DIR; };
		81E0B23C2325767700B83A4D /* Alamofire.framework */ = {isa = PBXFileReference; explicitFileType = wrapper.framework; path = Alamofire.framework; sourceTree = BUILT_PRODUCTS_DIR; };
		81E0B23E2325767700B83A4D /* AlamofireObjectMapper.framework */ = {isa = PBXFileReference; explicitFileType = wrapper.framework; path = AlamofireObjectMapper.framework; sourceTree = BUILT_PRODUCTS_DIR; };
		81E0B2402325767700B83A4D /* MKProgress.framework */ = {isa = PBXFileReference; explicitFileType = wrapper.framework; path = MKProgress.framework; sourceTree = BUILT_PRODUCTS_DIR; };
		81E0B2422325767700B83A4D /* ObjectMapper.framework */ = {isa = PBXFileReference; explicitFileType = wrapper.framework; path = ObjectMapper.framework; sourceTree = BUILT_PRODUCTS_DIR; };
		81E0B2442325767700B83A4D /* RxCocoa.framework */ = {isa = PBXFileReference; explicitFileType = wrapper.framework; path = RxCocoa.framework; sourceTree = BUILT_PRODUCTS_DIR; };
		81E0B2462325767700B83A4D /* RxRelay.framework */ = {isa = PBXFileReference; explicitFileType = wrapper.framework; path = RxRelay.framework; sourceTree = BUILT_PRODUCTS_DIR; };
		81E0B2482325767700B83A4D /* RxSwift.framework */ = {isa = PBXFileReference; explicitFileType = wrapper.framework; path = RxSwift.framework; sourceTree = BUILT_PRODUCTS_DIR; };
		81E0B24A2325767700B83A4D /* SnapKit.framework */ = {isa = PBXFileReference; explicitFileType = wrapper.framework; path = SnapKit.framework; sourceTree = BUILT_PRODUCTS_DIR; };
		81E0B24C2325767700B83A4D /* SwiftKeychainWrapper.framework */ = {isa = PBXFileReference; explicitFileType = wrapper.framework; path = SwiftKeychainWrapper.framework; sourceTree = BUILT_PRODUCTS_DIR; };
		81E0B24E2325767700B83A4D /* SwiftyJSON.framework */ = {isa = PBXFileReference; explicitFileType = wrapper.framework; path = SwiftyJSON.framework; sourceTree = BUILT_PRODUCTS_DIR; };
		85A872DCB0BA54192646199A /* Pods_NewApplicationTests.framework */ = {isa = PBXFileReference; explicitFileType = wrapper.framework; includeInIndex = 0; path = Pods_NewApplicationTests.framework; sourceTree = BUILT_PRODUCTS_DIR; };
		A47C1C11188FDB883F915D42 /* Pods-TestApplication.debug.xcconfig */ = {isa = PBXFileReference; includeInIndex = 1; lastKnownFileType = text.xcconfig; name = "Pods-TestApplication.debug.xcconfig"; path = "Target Support Files/Pods-TestApplication/Pods-TestApplication.debug.xcconfig"; sourceTree = "<group>"; };
		A8B283D3F2FDB5A59B6EE433 /* Pods-NewApplicationTests.release.xcconfig */ = {isa = PBXFileReference; includeInIndex = 1; lastKnownFileType = text.xcconfig; name = "Pods-NewApplicationTests.release.xcconfig"; path = "Target Support Files/Pods-NewApplicationTests/Pods-NewApplicationTests.release.xcconfig"; sourceTree = "<group>"; };
		DA7DB38D3519433781121ADE /* Pods-NewApplication.release.xcconfig */ = {isa = PBXFileReference; includeInIndex = 1; lastKnownFileType = text.xcconfig; name = "Pods-NewApplication.release.xcconfig"; path = "Target Support Files/Pods-NewApplication/Pods-NewApplication.release.xcconfig"; sourceTree = "<group>"; };
		F9B467EA8EBD3C3FAE13D4D6 /* Pods-NewApplicationUITests.release.xcconfig */ = {isa = PBXFileReference; includeInIndex = 1; lastKnownFileType = text.xcconfig; name = "Pods-NewApplicationUITests.release.xcconfig"; path = "Target Support Files/Pods-NewApplicationUITests/Pods-NewApplicationUITests.release.xcconfig"; sourceTree = "<group>"; };
		FAE283B105F9E34247737932 /* Pods-TestApplicationTests.release.xcconfig */ = {isa = PBXFileReference; includeInIndex = 1; lastKnownFileType = text.xcconfig; name = "Pods-TestApplicationTests.release.xcconfig"; path = "Target Support Files/Pods-TestApplicationTests/Pods-TestApplicationTests.release.xcconfig"; sourceTree = "<group>"; };
		FEF6070F3EC72BD2C1EFF781 /* Pods_NewApplicationUITests.framework */ = {isa = PBXFileReference; explicitFileType = wrapper.framework; includeInIndex = 0; path = Pods_NewApplicationUITests.framework; sourceTree = BUILT_PRODUCTS_DIR; };
		FFFD49E2B3111EA361EEAFAE /* Pods-TestApplicationUITests.debug.xcconfig */ = {isa = PBXFileReference; includeInIndex = 1; lastKnownFileType = text.xcconfig; name = "Pods-TestApplicationUITests.debug.xcconfig"; path = "Target Support Files/Pods-TestApplicationUITests/Pods-TestApplicationUITests.debug.xcconfig"; sourceTree = "<group>"; };
/* End PBXFileReference section */

/* Begin PBXFrameworksBuildPhase section */
		0E38712C22F823F800A2C14C /* Frameworks */ = {
			isa = PBXFrameworksBuildPhase;
			buildActionMask = 2147483647;
			files = (
				0E97F0DD23BCA2A30026D0B2 /* Alamofire.framework in Frameworks */,
				0E97F0DF23BCA2A30026D0B2 /* AlamofireImage.framework in Frameworks */,
				0E97F0E123BCA2A30026D0B2 /* AlamofireObjectMapper.framework in Frameworks */,
				81E0B2412325767700B83A4D /* MKProgress.framework in Frameworks */,
				81E0B2432325767700B83A4D /* ObjectMapper.framework in Frameworks */,
				81E0B24D2325767700B83A4D /* SwiftKeychainWrapper.framework in Frameworks */,
				81E0B24F2325767700B83A4D /* SwiftyJSON.framework in Frameworks */,
				948AC6890CB64859E5C10D63 /* Pods_NewApplication.framework in Frameworks */,
			);
			runOnlyForDeploymentPostprocessing = 0;
		};
		0E38714022F823FF00A2C14C /* Frameworks */ = {
			isa = PBXFrameworksBuildPhase;
			buildActionMask = 2147483647;
			files = (
				81C68F8523240B70009B3B19 /* URITemplate.framework in Frameworks */,
				81C68F8323240B68009B3B19 /* Nimble.framework in Frameworks */,
				81C68F8123240B61009B3B19 /* Mockingjay.framework in Frameworks */,
				722EE78AA9118084842E5403 /* Pods_NewApplicationTests.framework in Frameworks */,
			);
			runOnlyForDeploymentPostprocessing = 0;
		};
		0E38714B22F823FF00A2C14C /* Frameworks */ = {
			isa = PBXFrameworksBuildPhase;
			buildActionMask = 2147483647;
			files = (
				B81FE0CCBD636D890973C4E9 /* Pods_NewApplicationUITests.framework in Frameworks */,
			);
			runOnlyForDeploymentPostprocessing = 0;
		};
/* End PBXFrameworksBuildPhase section */

/* Begin PBXGroup section */
		008782E7AC07B29913653F55 /* Frameworks */ = {
			isa = PBXGroup;
			children = (
				0E97F0DC23BCA2A30026D0B2 /* Alamofire.framework */,
				0E97F0DE23BCA2A30026D0B2 /* AlamofireImage.framework */,
				0E97F0E023BCA2A30026D0B2 /* AlamofireObjectMapper.framework */,
				81E0B23C2325767700B83A4D /* Alamofire.framework */,
				81E0B23E2325767700B83A4D /* AlamofireObjectMapper.framework */,
				81E0B2402325767700B83A4D /* MKProgress.framework */,
				81E0B2422325767700B83A4D /* ObjectMapper.framework */,
				81E0B2442325767700B83A4D /* RxCocoa.framework */,
				81E0B2462325767700B83A4D /* RxRelay.framework */,
				81E0B2482325767700B83A4D /* RxSwift.framework */,
				81E0B24A2325767700B83A4D /* SnapKit.framework */,
				81E0B24C2325767700B83A4D /* SwiftKeychainWrapper.framework */,
				81E0B24E2325767700B83A4D /* SwiftyJSON.framework */,
				8167CCA623240DC3002D569D /* URITemplate.framework */,
				8167CCA423240DBA002D569D /* Nimble.framework */,
				8167CCA223240DB5002D569D /* Mockingjay.framework */,
				81C68F8423240B70009B3B19 /* URITemplate.framework */,
				81C68F8223240B68009B3B19 /* Nimble.framework */,
				81C68F8023240B61009B3B19 /* Mockingjay.framework */,
				0D63D201FB63907B2FCD9EC2 /* Pods_NewApplication.framework */,
				85A872DCB0BA54192646199A /* Pods_NewApplicationTests.framework */,
				FEF6070F3EC72BD2C1EFF781 /* Pods_NewApplicationUITests.framework */,
			);
			name = Frameworks;
			sourceTree = "<group>";
		};
		0E38712622F823F700A2C14C = {
			isa = PBXGroup;
			children = (
				0E38713122F823F800A2C14C /* NewApplication */,
				0E38714622F823FF00A2C14C /* TestApplicationTests */,
				0E38715122F823FF00A2C14C /* TestApplicationUITests */,
				0E38713022F823F800A2C14C /* Products */,
				D0A270BBAA1A4E91A0C583A0 /* Pods */,
				008782E7AC07B29913653F55 /* Frameworks */,
			);
			sourceTree = "<group>";
		};
		0E38713022F823F800A2C14C /* Products */ = {
			isa = PBXGroup;
			children = (
				0E38712F22F823F800A2C14C /* NewApplication.app */,
				0E38714322F823FF00A2C14C /* NewApplicationTests.xctest */,
				0E38714E22F823FF00A2C14C /* NewApplicationUITests.xctest */,
			);
			name = Products;
			sourceTree = "<group>";
		};
		0E38713122F823F800A2C14C /* NewApplication */ = {
			isa = PBXGroup;
			children = (
				0E9F06C723BAFEFA00481A9D /* Models */,
				812508D62311197700162123 /* ViewModels */,
				0E38716522F829CB00A2C14C /* Views */,
				0E38716422F8280C00A2C14C /* Controllers */,
				81295691235AF1020072501C /* Extensions */,
				0E38716322F8280100A2C14C /* Configurations */,
				0E38716222F827F900A2C14C /* Application */,
				0E38716022F827DB00A2C14C /* Network */,
				0E9F06DF23BB420F00481A9D /* Resources */,
				0E38713E22F823FF00A2C14C /* Info.plist */,
			);
			path = NewApplication;
			sourceTree = "<group>";
		};
		0E38714622F823FF00A2C14C /* TestApplicationTests */ = {
			isa = PBXGroup;
			children = (
				8167CCA8232417F2002D569D /* Fixtures */,
				0E38714722F823FF00A2C14C /* TestApplicationTests.swift */,
				81C68F7E23240391009B3B19 /* XCTest+Extension.swift */,
				0E38714922F823FF00A2C14C /* Info.plist */,
			);
			path = TestApplicationTests;
			sourceTree = "<group>";
		};
		0E38715122F823FF00A2C14C /* TestApplicationUITests */ = {
			isa = PBXGroup;
			children = (
				0E38715222F823FF00A2C14C /* TestApplicationUITests.swift */,
				0E38715422F823FF00A2C14C /* Info.plist */,
			);
			path = TestApplicationUITests;
			sourceTree = "<group>";
		};
		0E38716022F827DB00A2C14C /* Network */ = {
			isa = PBXGroup;
			children = (
				0E38716922F82AC000A2C14C /* APIClient.swift */,
				81C68F7A232402BC009B3B19 /* APIClientProtocol.swift */,
				812B7933235BCB1500A42469 /* ImageDownloader.swift */,
			);
			path = Network;
			sourceTree = "<group>";
		};
		0E38716222F827F900A2C14C /* Application */ = {
			isa = PBXGroup;
			children = (
				0E38713222F823F800A2C14C /* AppDelegate.swift */,
			);
			path = Application;
			sourceTree = "<group>";
		};
		0E38716322F8280100A2C14C /* Configurations */ = {
			isa = PBXGroup;
			children = (
				0E38717122F833D600A2C14C /* Utilities.swift */,
				0E38717322F833FE00A2C14C /* Constants.swift */,
			);
			path = Configurations;
			sourceTree = "<group>";
		};
		0E38716422F8280C00A2C14C /* Controllers */ = {
			isa = PBXGroup;
			children = (
				0E9F06D723BB11FB00481A9D /* RegisterViewController.swift */,
				0EBC7EF523BC8F91008BBC1D /* HomeViewController.swift */,
			);
			path = Controllers;
			sourceTree = "<group>";
		};
		0E38716522F829CB00A2C14C /* Views */ = {
			isa = PBXGroup;
			children = (
				0E38716622F829D800A2C14C /* StoryBoards */,
			);
			path = Views;
			sourceTree = "<group>";
		};
		0E38716622F829D800A2C14C /* StoryBoards */ = {
			isa = PBXGroup;
			children = (
				0E38713B22F823FF00A2C14C /* LaunchScreen.storyboard */,
				0E864A5E23BA10CA007B0306 /* Main.storyboard */,
				0E7291D523BC8507006F8343 /* User.storyboard */,
			);
			path = StoryBoards;
			sourceTree = "<group>";
		};
		0E9F06C723BAFEFA00481A9D /* Models */ = {
			isa = PBXGroup;
			children = (
				0E9F06CA23BB081100481A9D /* APIModels */,
				0E9F06DD23BB249A00481A9D /* User.swift */,
			);
			path = Models;
			sourceTree = "<group>";
		};
		0E9F06CA23BB081100481A9D /* APIModels */ = {
			isa = PBXGroup;
			children = (
				0E9F06CC23BB087A00481A9D /* Models */,
				0E9F06CB23BB084600481A9D /* Responses */,
			);
			path = APIModels;
			sourceTree = "<group>";
		};
		0E9F06CB23BB084600481A9D /* Responses */ = {
			isa = PBXGroup;
			children = (
				0E9F06CD23BB0BC400481A9D /* RegisterResponse.swift */,
				0E9F06CE23BB0BC400481A9D /* UserListResponse.swift */,
			);
			path = Responses;
			sourceTree = "<group>";
		};
		0E9F06CC23BB087A00481A9D /* Models */ = {
			isa = PBXGroup;
			children = (
				0E9F06D123BB0C0200481A9D /* APIModel.swift */,
				0E9F06D323BB0C0200481A9D /* Employee.swift */,
				0E9F06D223BB0C0200481A9D /* ResponseError.swift */,
			);
			path = Models;
			sourceTree = "<group>";
		};
		0E9F06DF23BB420F00481A9D /* Resources */ = {
			isa = PBXGroup;
			children = (
				0E9F06E223BB42EE00481A9D /* StringFiles */,
				0E38713922F823FF00A2C14C /* Assets.xcassets */,
			);
			path = Resources;
			sourceTree = "<group>";
		};
		0E9F06E223BB42EE00481A9D /* StringFiles */ = {
			isa = PBXGroup;
			children = (
				0E9F06E023BB425400481A9D /* localizable.strings */,
				0E9F06E323BB431A00481A9D /* English.strings */,
				0E9F06E523BB432800481A9D /* Spanish.strings */,
			);
			path = StringFiles;
			sourceTree = "<group>";
		};
		812508D62311197700162123 /* ViewModels */ = {
			isa = PBXGroup;
			children = (
				0E9F06DB23BB243000481A9D /* RegisterViewModel.swift */,
			);
			path = ViewModels;
			sourceTree = "<group>";
		};
		81295691235AF1020072501C /* Extensions */ = {
			isa = PBXGroup;
			children = (
				8167CCB523253F7B002D569D /* UIColor+Extensions.swift */,
				81295692235AF2D50072501C /* String+Extensions.swift */,
				81295694235AF2E30072501C /* Date+Extensions.swift */,
				812B7935235BCBDB00A42469 /* UInt+Extensions.swift */,
				0E7291D323BC77F1006F8343 /* UiStoryboard+Extensions.swift */,
			);
			path = Extensions;
			sourceTree = "<group>";
		};
		8167CCA8232417F2002D569D /* Fixtures */ = {
			isa = PBXGroup;
			children = (
				8167CCA923241812002D569D /* JobsSuccess.json */,
				8167CCAF2324CBFA002D569D /* Job01.json */,
				8167CCB12324DA9D002D569D /* Job02.json */,
				8167CCB32324DAAF002D569D /* Job03.json */,
			);
			path = Fixtures;
			sourceTree = "<group>";
		};
		D0A270BBAA1A4E91A0C583A0 /* Pods */ = {
			isa = PBXGroup;
			children = (
				A47C1C11188FDB883F915D42 /* Pods-TestApplication.debug.xcconfig */,
				74F0B4C7958002EBBDC24F5B /* Pods-TestApplication.release.xcconfig */,
				4F1F4437DC256C204CE8ECE2 /* Pods-TestApplicationTests.debug.xcconfig */,
				FAE283B105F9E34247737932 /* Pods-TestApplicationTests.release.xcconfig */,
				FFFD49E2B3111EA361EEAFAE /* Pods-TestApplicationUITests.debug.xcconfig */,
				7FEC1497CD568CFFE4805123 /* Pods-TestApplicationUITests.release.xcconfig */,
				6606E4A8154781B94A53A06D /* Pods-NewApplication.debug.xcconfig */,
				DA7DB38D3519433781121ADE /* Pods-NewApplication.release.xcconfig */,
				63B7C442238A498F254240DB /* Pods-NewApplicationTests.debug.xcconfig */,
				A8B283D3F2FDB5A59B6EE433 /* Pods-NewApplicationTests.release.xcconfig */,
				4A4596A5B46C4C18D0B40D30 /* Pods-NewApplicationUITests.debug.xcconfig */,
				F9B467EA8EBD3C3FAE13D4D6 /* Pods-NewApplicationUITests.release.xcconfig */,
			);
			path = Pods;
			sourceTree = "<group>";
		};
/* End PBXGroup section */

/* Begin PBXNativeTarget section */
		0E38712E22F823F800A2C14C /* NewApplication */ = {
			isa = PBXNativeTarget;
			buildConfigurationList = 0E38715722F823FF00A2C14C /* Build configuration list for PBXNativeTarget "NewApplication" */;
			buildPhases = (
				BF4E96376EB65783E1C3101C /* [CP] Check Pods Manifest.lock */,
				0E38712B22F823F800A2C14C /* Sources */,
				0E38712C22F823F800A2C14C /* Frameworks */,
				0E38712D22F823F800A2C14C /* Resources */,
				366C6E0E2389E426FA6B5516 /* [CP] Embed Pods Frameworks */,
			);
			buildRules = (
			);
			dependencies = (
			);
			name = NewApplication;
			productName = TestApplication;
			productReference = 0E38712F22F823F800A2C14C /* NewApplication.app */;
			productType = "com.apple.product-type.application";
		};
		0E38714222F823FF00A2C14C /* NewApplicationTests */ = {
			isa = PBXNativeTarget;
			buildConfigurationList = 0E38715A22F823FF00A2C14C /* Build configuration list for PBXNativeTarget "NewApplicationTests" */;
			buildPhases = (
				A257E56F5E5EF31F54255D1A /* [CP] Check Pods Manifest.lock */,
				0E38713F22F823FF00A2C14C /* Sources */,
				0E38714022F823FF00A2C14C /* Frameworks */,
				0E38714122F823FF00A2C14C /* Resources */,
				CB4AB9AB583CD974195D8E4C /* [CP] Embed Pods Frameworks */,
			);
			buildRules = (
			);
			dependencies = (
				0E38714522F823FF00A2C14C /* PBXTargetDependency */,
			);
			name = NewApplicationTests;
			productName = TestApplicationTests;
			productReference = 0E38714322F823FF00A2C14C /* NewApplicationTests.xctest */;
			productType = "com.apple.product-type.bundle.unit-test";
		};
		0E38714D22F823FF00A2C14C /* NewApplicationUITests */ = {
			isa = PBXNativeTarget;
			buildConfigurationList = 0E38715D22F823FF00A2C14C /* Build configuration list for PBXNativeTarget "NewApplicationUITests" */;
			buildPhases = (
				7FD3703DAFE46CC64063CBE7 /* [CP] Check Pods Manifest.lock */,
				0E38714A22F823FF00A2C14C /* Sources */,
				0E38714B22F823FF00A2C14C /* Frameworks */,
				0E38714C22F823FF00A2C14C /* Resources */,
			);
			buildRules = (
			);
			dependencies = (
				0E38715022F823FF00A2C14C /* PBXTargetDependency */,
			);
			name = NewApplicationUITests;
			productName = TestApplicationUITests;
			productReference = 0E38714E22F823FF00A2C14C /* NewApplicationUITests.xctest */;
			productType = "com.apple.product-type.bundle.ui-testing";
		};
/* End PBXNativeTarget section */

/* Begin PBXProject section */
		0E38712722F823F700A2C14C /* Project object */ = {
			isa = PBXProject;
			attributes = {
				LastSwiftUpdateCheck = 1030;
				LastUpgradeCheck = 1030;
				ORGANIZATIONNAME = "Tharindu Ketipearachchi";
				TargetAttributes = {
					0E38712E22F823F800A2C14C = {
						CreatedOnToolsVersion = 10.3;
					};
					0E38714222F823FF00A2C14C = {
						CreatedOnToolsVersion = 10.3;
						TestTargetID = 0E38712E22F823F800A2C14C;
					};
					0E38714D22F823FF00A2C14C = {
						CreatedOnToolsVersion = 10.3;
						TestTargetID = 0E38712E22F823F800A2C14C;
					};
				};
			};
			buildConfigurationList = 0E38712A22F823F700A2C14C /* Build configuration list for PBXProject "NewApplication" */;
			compatibilityVersion = "Xcode 9.3";
			developmentRegion = en;
			hasScannedForEncodings = 0;
			knownRegions = (
				en,
				Base,
			);
			mainGroup = 0E38712622F823F700A2C14C;
			productRefGroup = 0E38713022F823F800A2C14C /* Products */;
			projectDirPath = "";
			projectRoot = "";
			targets = (
				0E38712E22F823F800A2C14C /* NewApplication */,
				0E38714222F823FF00A2C14C /* NewApplicationTests */,
				0E38714D22F823FF00A2C14C /* NewApplicationUITests */,
			);
		};
/* End PBXProject section */

/* Begin PBXResourcesBuildPhase section */
		0E38712D22F823F800A2C14C /* Resources */ = {
			isa = PBXResourcesBuildPhase;
			buildActionMask = 2147483647;
			files = (
				0E864A5F23BA10CA007B0306 /* Main.storyboard in Resources */,
				0E9F06E123BB425400481A9D /* localizable.strings in Resources */,
				0E9F06E423BB431A00481A9D /* English.strings in Resources */,
				0E9F06E623BB432800481A9D /* Spanish.strings in Resources */,
				0E38713D22F823FF00A2C14C /* LaunchScreen.storyboard in Resources */,
				0E7291D623BC8507006F8343 /* User.storyboard in Resources */,
				0E38713A22F823FF00A2C14C /* Assets.xcassets in Resources */,
			);
			runOnlyForDeploymentPostprocessing = 0;
		};
		0E38714122F823FF00A2C14C /* Resources */ = {
			isa = PBXResourcesBuildPhase;
			buildActionMask = 2147483647;
			files = (
				8167CCAA23241812002D569D /* JobsSuccess.json in Resources */,
				8167CCB42324DAAF002D569D /* Job03.json in Resources */,
				8167CCB02324CBFA002D569D /* Job01.json in Resources */,
				8167CCB22324DA9D002D569D /* Job02.json in Resources */,
			);
			runOnlyForDeploymentPostprocessing = 0;
		};
		0E38714C22F823FF00A2C14C /* Resources */ = {
			isa = PBXResourcesBuildPhase;
			buildActionMask = 2147483647;
			files = (
			);
			runOnlyForDeploymentPostprocessing = 0;
		};
/* End PBXResourcesBuildPhase section */

/* Begin PBXShellScriptBuildPhase section */
		366C6E0E2389E426FA6B5516 /* [CP] Embed Pods Frameworks */ = {
			isa = PBXShellScriptBuildPhase;
			buildActionMask = 2147483647;
			files = (
			);
			inputFileListPaths = (
				"${PODS_ROOT}/Target Support Files/Pods-NewApplication/Pods-NewApplication-frameworks-${CONFIGURATION}-input-files.xcfilelist",
			);
			name = "[CP] Embed Pods Frameworks";
			outputFileListPaths = (
				"${PODS_ROOT}/Target Support Files/Pods-NewApplication/Pods-NewApplication-frameworks-${CONFIGURATION}-output-files.xcfilelist",
			);
			runOnlyForDeploymentPostprocessing = 0;
			shellPath = /bin/sh;
			shellScript = "\"${PODS_ROOT}/Target Support Files/Pods-NewApplication/Pods-NewApplication-frameworks.sh\"\n";
			showEnvVarsInLog = 0;
		};
		7FD3703DAFE46CC64063CBE7 /* [CP] Check Pods Manifest.lock */ = {
			isa = PBXShellScriptBuildPhase;
			buildActionMask = 2147483647;
			files = (
			);
			inputFileListPaths = (
			);
			inputPaths = (
				"${PODS_PODFILE_DIR_PATH}/Podfile.lock",
				"${PODS_ROOT}/Manifest.lock",
			);
			name = "[CP] Check Pods Manifest.lock";
			outputFileListPaths = (
			);
			outputPaths = (
				"$(DERIVED_FILE_DIR)/Pods-NewApplicationUITests-checkManifestLockResult.txt",
			);
			runOnlyForDeploymentPostprocessing = 0;
			shellPath = /bin/sh;
			shellScript = "diff \"${PODS_PODFILE_DIR_PATH}/Podfile.lock\" \"${PODS_ROOT}/Manifest.lock\" > /dev/null\nif [ $? != 0 ] ; then\n    # print error to STDERR\n    echo \"error: The sandbox is not in sync with the Podfile.lock. Run 'pod install' or update your CocoaPods installation.\" >&2\n    exit 1\nfi\n# This output is used by Xcode 'outputs' to avoid re-running this script phase.\necho \"SUCCESS\" > \"${SCRIPT_OUTPUT_FILE_0}\"\n";
			showEnvVarsInLog = 0;
		};
		A257E56F5E5EF31F54255D1A /* [CP] Check Pods Manifest.lock */ = {
			isa = PBXShellScriptBuildPhase;
			buildActionMask = 2147483647;
			files = (
			);
			inputFileListPaths = (
			);
			inputPaths = (
				"${PODS_PODFILE_DIR_PATH}/Podfile.lock",
				"${PODS_ROOT}/Manifest.lock",
			);
			name = "[CP] Check Pods Manifest.lock";
			outputFileListPaths = (
			);
			outputPaths = (
				"$(DERIVED_FILE_DIR)/Pods-NewApplicationTests-checkManifestLockResult.txt",
			);
			runOnlyForDeploymentPostprocessing = 0;
			shellPath = /bin/sh;
			shellScript = "diff \"${PODS_PODFILE_DIR_PATH}/Podfile.lock\" \"${PODS_ROOT}/Manifest.lock\" > /dev/null\nif [ $? != 0 ] ; then\n    # print error to STDERR\n    echo \"error: The sandbox is not in sync with the Podfile.lock. Run 'pod install' or update your CocoaPods installation.\" >&2\n    exit 1\nfi\n# This output is used by Xcode 'outputs' to avoid re-running this script phase.\necho \"SUCCESS\" > \"${SCRIPT_OUTPUT_FILE_0}\"\n";
			showEnvVarsInLog = 0;
		};
		BF4E96376EB65783E1C3101C /* [CP] Check Pods Manifest.lock */ = {
			isa = PBXShellScriptBuildPhase;
			buildActionMask = 2147483647;
			files = (
			);
			inputFileListPaths = (
			);
			inputPaths = (
				"${PODS_PODFILE_DIR_PATH}/Podfile.lock",
				"${PODS_ROOT}/Manifest.lock",
			);
			name = "[CP] Check Pods Manifest.lock";
			outputFileListPaths = (
			);
			outputPaths = (
				"$(DERIVED_FILE_DIR)/Pods-NewApplication-checkManifestLockResult.txt",
			);
			runOnlyForDeploymentPostprocessing = 0;
			shellPath = /bin/sh;
			shellScript = "diff \"${PODS_PODFILE_DIR_PATH}/Podfile.lock\" \"${PODS_ROOT}/Manifest.lock\" > /dev/null\nif [ $? != 0 ] ; then\n    # print error to STDERR\n    echo \"error: The sandbox is not in sync with the Podfile.lock. Run 'pod install' or update your CocoaPods installation.\" >&2\n    exit 1\nfi\n# This output is used by Xcode 'outputs' to avoid re-running this script phase.\necho \"SUCCESS\" > \"${SCRIPT_OUTPUT_FILE_0}\"\n";
			showEnvVarsInLog = 0;
		};
		CB4AB9AB583CD974195D8E4C /* [CP] Embed Pods Frameworks */ = {
			isa = PBXShellScriptBuildPhase;
			buildActionMask = 2147483647;
			files = (
			);
			inputFileListPaths = (
				"${PODS_ROOT}/Target Support Files/Pods-NewApplicationTests/Pods-NewApplicationTests-frameworks-${CONFIGURATION}-input-files.xcfilelist",
			);
			name = "[CP] Embed Pods Frameworks";
			outputFileListPaths = (
				"${PODS_ROOT}/Target Support Files/Pods-NewApplicationTests/Pods-NewApplicationTests-frameworks-${CONFIGURATION}-output-files.xcfilelist",
			);
			runOnlyForDeploymentPostprocessing = 0;
			shellPath = /bin/sh;
			shellScript = "\"${PODS_ROOT}/Target Support Files/Pods-NewApplicationTests/Pods-NewApplicationTests-frameworks.sh\"\n";
			showEnvVarsInLog = 0;
		};
/* End PBXShellScriptBuildPhase section */

/* Begin PBXSourcesBuildPhase section */
		0E38712B22F823F800A2C14C /* Sources */ = {
			isa = PBXSourcesBuildPhase;
			buildActionMask = 2147483647;
			files = (
				0E38717222F833D600A2C14C /* Utilities.swift in Sources */,
				812B7934235BCB1500A42469 /* ImageDownloader.swift in Sources */,
				0E9F06DE23BB249A00481A9D /* User.swift in Sources */,
				0E9F06D623BB0C0300481A9D /* Employee.swift in Sources */,
				0E9F06D423BB0C0300481A9D /* APIModel.swift in Sources */,
				0EBC7EF623BC8F91008BBC1D /* HomeViewController.swift in Sources */,
				8167CCB623253F7B002D569D /* UIColor+Extensions.swift in Sources */,
				0E9F06D523BB0C0300481A9D /* ResponseError.swift in Sources */,
				812B7936235BCBDB00A42469 /* UInt+Extensions.swift in Sources */,
				0E9F06CF23BB0BC400481A9D /* RegisterResponse.swift in Sources */,
				0E7291D423BC77F1006F8343 /* UiStoryboard+Extensions.swift in Sources */,
				0E38713322F823F800A2C14C /* AppDelegate.swift in Sources */,
				0E9F06D823BB11FB00481A9D /* RegisterViewController.swift in Sources */,
				0E38717422F833FE00A2C14C /* Constants.swift in Sources */,
				81C68F7B232402BC009B3B19 /* APIClientProtocol.swift in Sources */,
				81295695235AF2E30072501C /* Date+Extensions.swift in Sources */,
				81295693235AF2D50072501C /* String+Extensions.swift in Sources */,
				0E9F06DC23BB243000481A9D /* RegisterViewModel.swift in Sources */,
				0E38716A22F82AC000A2C14C /* APIClient.swift in Sources */,
				0E9F06D023BB0BC400481A9D /* UserListResponse.swift in Sources */,
			);
			runOnlyForDeploymentPostprocessing = 0;
		};
		0E38713F22F823FF00A2C14C /* Sources */ = {
			isa = PBXSourcesBuildPhase;
			buildActionMask = 2147483647;
			files = (
				0E38714822F823FF00A2C14C /* TestApplicationTests.swift in Sources */,
				81C68F7F23240391009B3B19 /* XCTest+Extension.swift in Sources */,
			);
			runOnlyForDeploymentPostprocessing = 0;
		};
		0E38714A22F823FF00A2C14C /* Sources */ = {
			isa = PBXSourcesBuildPhase;
			buildActionMask = 2147483647;
			files = (
				0E38715322F823FF00A2C14C /* TestApplicationUITests.swift in Sources */,
			);
			runOnlyForDeploymentPostprocessing = 0;
		};
/* End PBXSourcesBuildPhase section */

/* Begin PBXTargetDependency section */
		0E38714522F823FF00A2C14C /* PBXTargetDependency */ = {
			isa = PBXTargetDependency;
			target = 0E38712E22F823F800A2C14C /* NewApplication */;
			targetProxy = 0E38714422F823FF00A2C14C /* PBXContainerItemProxy */;
		};
		0E38715022F823FF00A2C14C /* PBXTargetDependency */ = {
			isa = PBXTargetDependency;
			target = 0E38712E22F823F800A2C14C /* NewApplication */;
			targetProxy = 0E38714F22F823FF00A2C14C /* PBXContainerItemProxy */;
		};
/* End PBXTargetDependency section */

/* Begin PBXVariantGroup section */
		0E38713B22F823FF00A2C14C /* LaunchScreen.storyboard */ = {
			isa = PBXVariantGroup;
			children = (
				0E38713C22F823FF00A2C14C /* Base */,
			);
			name = LaunchScreen.storyboard;
			sourceTree = "<group>";
		};
/* End PBXVariantGroup section */

/* Begin XCBuildConfiguration section */
		0E38715522F823FF00A2C14C /* Debug */ = {
			isa = XCBuildConfiguration;
			buildSettings = {
				ALWAYS_SEARCH_USER_PATHS = NO;
				CLANG_ANALYZER_NONNULL = YES;
				CLANG_ANALYZER_NUMBER_OBJECT_CONVERSION = YES_AGGRESSIVE;
				CLANG_CXX_LANGUAGE_STANDARD = "gnu++14";
				CLANG_CXX_LIBRARY = "libc++";
				CLANG_ENABLE_MODULES = YES;
				CLANG_ENABLE_OBJC_ARC = YES;
				CLANG_ENABLE_OBJC_WEAK = YES;
				CLANG_WARN_BLOCK_CAPTURE_AUTORELEASING = YES;
				CLANG_WARN_BOOL_CONVERSION = YES;
				CLANG_WARN_COMMA = YES;
				CLANG_WARN_CONSTANT_CONVERSION = YES;
				CLANG_WARN_DEPRECATED_OBJC_IMPLEMENTATIONS = YES;
				CLANG_WARN_DIRECT_OBJC_ISA_USAGE = YES_ERROR;
				CLANG_WARN_DOCUMENTATION_COMMENTS = YES;
				CLANG_WARN_EMPTY_BODY = YES;
				CLANG_WARN_ENUM_CONVERSION = YES;
				CLANG_WARN_INFINITE_RECURSION = YES;
				CLANG_WARN_INT_CONVERSION = YES;
				CLANG_WARN_NON_LITERAL_NULL_CONVERSION = YES;
				CLANG_WARN_OBJC_IMPLICIT_RETAIN_SELF = YES;
				CLANG_WARN_OBJC_LITERAL_CONVERSION = YES;
				CLANG_WARN_OBJC_ROOT_CLASS = YES_ERROR;
				CLANG_WARN_RANGE_LOOP_ANALYSIS = YES;
				CLANG_WARN_STRICT_PROTOTYPES = YES;
				CLANG_WARN_SUSPICIOUS_MOVE = YES;
				CLANG_WARN_UNGUARDED_AVAILABILITY = YES_AGGRESSIVE;
				CLANG_WARN_UNREACHABLE_CODE = YES;
				CLANG_WARN__DUPLICATE_METHOD_MATCH = YES;
				CODE_SIGN_IDENTITY = "iPhone Developer";
				COPY_PHASE_STRIP = NO;
				DEBUG_INFORMATION_FORMAT = dwarf;
				ENABLE_STRICT_OBJC_MSGSEND = YES;
				ENABLE_TESTABILITY = YES;
				GCC_C_LANGUAGE_STANDARD = gnu11;
				GCC_DYNAMIC_NO_PIC = NO;
				GCC_NO_COMMON_BLOCKS = YES;
				GCC_OPTIMIZATION_LEVEL = 0;
				GCC_PREPROCESSOR_DEFINITIONS = (
					"DEBUG=1",
					"$(inherited)",
				);
				GCC_WARN_64_TO_32_BIT_CONVERSION = YES;
				GCC_WARN_ABOUT_RETURN_TYPE = YES_ERROR;
				GCC_WARN_UNDECLARED_SELECTOR = YES;
				GCC_WARN_UNINITIALIZED_AUTOS = YES_AGGRESSIVE;
				GCC_WARN_UNUSED_FUNCTION = YES;
				GCC_WARN_UNUSED_VARIABLE = YES;
				IPHONEOS_DEPLOYMENT_TARGET = 12.4;
				MTL_ENABLE_DEBUG_INFO = INCLUDE_SOURCE;
				MTL_FAST_MATH = YES;
				ONLY_ACTIVE_ARCH = YES;
				SDKROOT = iphoneos;
				SWIFT_ACTIVE_COMPILATION_CONDITIONS = DEBUG;
				SWIFT_OPTIMIZATION_LEVEL = "-Onone";
				SWIFT_VERSION = 5.0;
			};
			name = Debug;
		};
		0E38715622F823FF00A2C14C /* Release */ = {
			isa = XCBuildConfiguration;
			buildSettings = {
				ALWAYS_SEARCH_USER_PATHS = NO;
				CLANG_ANALYZER_NONNULL = YES;
				CLANG_ANALYZER_NUMBER_OBJECT_CONVERSION = YES_AGGRESSIVE;
				CLANG_CXX_LANGUAGE_STANDARD = "gnu++14";
				CLANG_CXX_LIBRARY = "libc++";
				CLANG_ENABLE_MODULES = YES;
				CLANG_ENABLE_OBJC_ARC = YES;
				CLANG_ENABLE_OBJC_WEAK = YES;
				CLANG_WARN_BLOCK_CAPTURE_AUTORELEASING = YES;
				CLANG_WARN_BOOL_CONVERSION = YES;
				CLANG_WARN_COMMA = YES;
				CLANG_WARN_CONSTANT_CONVERSION = YES;
				CLANG_WARN_DEPRECATED_OBJC_IMPLEMENTATIONS = YES;
				CLANG_WARN_DIRECT_OBJC_ISA_USAGE = YES_ERROR;
				CLANG_WARN_DOCUMENTATION_COMMENTS = YES;
				CLANG_WARN_EMPTY_BODY = YES;
				CLANG_WARN_ENUM_CONVERSION = YES;
				CLANG_WARN_INFINITE_RECURSION = YES;
				CLANG_WARN_INT_CONVERSION = YES;
				CLANG_WARN_NON_LITERAL_NULL_CONVERSION = YES;
				CLANG_WARN_OBJC_IMPLICIT_RETAIN_SELF = YES;
				CLANG_WARN_OBJC_LITERAL_CONVERSION = YES;
				CLANG_WARN_OBJC_ROOT_CLASS = YES_ERROR;
				CLANG_WARN_RANGE_LOOP_ANALYSIS = YES;
				CLANG_WARN_STRICT_PROTOTYPES = YES;
				CLANG_WARN_SUSPICIOUS_MOVE = YES;
				CLANG_WARN_UNGUARDED_AVAILABILITY = YES_AGGRESSIVE;
				CLANG_WARN_UNREACHABLE_CODE = YES;
				CLANG_WARN__DUPLICATE_METHOD_MATCH = YES;
				CODE_SIGN_IDENTITY = "iPhone Developer";
				COPY_PHASE_STRIP = NO;
				DEBUG_INFORMATION_FORMAT = "dwarf-with-dsym";
				ENABLE_NS_ASSERTIONS = NO;
				ENABLE_STRICT_OBJC_MSGSEND = YES;
				GCC_C_LANGUAGE_STANDARD = gnu11;
				GCC_NO_COMMON_BLOCKS = YES;
				GCC_WARN_64_TO_32_BIT_CONVERSION = YES;
				GCC_WARN_ABOUT_RETURN_TYPE = YES_ERROR;
				GCC_WARN_UNDECLARED_SELECTOR = YES;
				GCC_WARN_UNINITIALIZED_AUTOS = YES_AGGRESSIVE;
				GCC_WARN_UNUSED_FUNCTION = YES;
				GCC_WARN_UNUSED_VARIABLE = YES;
				IPHONEOS_DEPLOYMENT_TARGET = 12.4;
				MTL_ENABLE_DEBUG_INFO = NO;
				MTL_FAST_MATH = YES;
				SDKROOT = iphoneos;
				SWIFT_COMPILATION_MODE = wholemodule;
				SWIFT_OPTIMIZATION_LEVEL = "-O";
				SWIFT_VERSION = 5.0;
				VALIDATE_PRODUCT = YES;
			};
			name = Release;
		};
		0E38715822F823FF00A2C14C /* Debug */ = {
			isa = XCBuildConfiguration;
			baseConfigurationReference = 6606E4A8154781B94A53A06D /* Pods-NewApplication.debug.xcconfig */;
			buildSettings = {
				ASSETCATALOG_COMPILER_APPICON_NAME = AppIcon;
				CODE_SIGN_STYLE = Automatic;
				DEVELOPMENT_TEAM = VR94Y66HHY;
				INFOPLIST_FILE = NewApplication/Info.plist;
				LD_RUNPATH_SEARCH_PATHS = (
					"$(inherited)",
					"@executable_path/Frameworks",
				);
				PRODUCT_BUNDLE_IDENTIFIER = com.eyepax.NewApplication;
				PRODUCT_NAME = NewApplication;
				SWIFT_VERSION = 5.0;
				TARGETED_DEVICE_FAMILY = "1,2";
			};
			name = Debug;
		};
		0E38715922F823FF00A2C14C /* Release */ = {
			isa = XCBuildConfiguration;
			baseConfigurationReference = DA7DB38D3519433781121ADE /* Pods-NewApplication.release.xcconfig */;
			buildSettings = {
				ASSETCATALOG_COMPILER_APPICON_NAME = AppIcon;
				CODE_SIGN_STYLE = Automatic;
				DEVELOPMENT_TEAM = VR94Y66HHY;
				INFOPLIST_FILE = NewApplication/Info.plist;
				LD_RUNPATH_SEARCH_PATHS = (
					"$(inherited)",
					"@executable_path/Frameworks",
				);
				PRODUCT_BUNDLE_IDENTIFIER = com.eyepax.NewApplication;
				PRODUCT_NAME = NewApplication;
				SWIFT_VERSION = 5.0;
				TARGETED_DEVICE_FAMILY = "1,2";
			};
			name = Release;
		};
		0E38715B22F823FF00A2C14C /* Debug */ = {
			isa = XCBuildConfiguration;
			baseConfigurationReference = 63B7C442238A498F254240DB /* Pods-NewApplicationTests.debug.xcconfig */;
			buildSettings = {
				ALWAYS_EMBED_SWIFT_STANDARD_LIBRARIES = YES;
				BUNDLE_LOADER = "$(TEST_HOST)";
				CODE_SIGN_STYLE = Automatic;
				DEVELOPMENT_TEAM = TC4K33K5T3;
				FRAMEWORK_SEARCH_PATHS = (
					"$(inherited)",
					"\"${PODS_CONFIGURATION_BUILD_DIR}/Alamofire\"",
					"\"${PODS_CONFIGURATION_BUILD_DIR}/AlamofireObjectMapper\"",
					"\"${PODS_CONFIGURATION_BUILD_DIR}/MKProgress\"",
					"\"${PODS_CONFIGURATION_BUILD_DIR}/ObjectMapper\"",
					"\"${PODS_CONFIGURATION_BUILD_DIR}/RxCocoa\"",
					"\"${PODS_CONFIGURATION_BUILD_DIR}/RxRelay\"",
					"\"${PODS_CONFIGURATION_BUILD_DIR}/RxSwift\"",
					"\"${PODS_CONFIGURATION_BUILD_DIR}/SnapKit\"",
					"\"${PODS_CONFIGURATION_BUILD_DIR}/SwiftyJSON\"",
					"\"${PODS_CONFIGURATION_BUILD_DIR}/SwiftKeychainWrapper\"",
					"\"${PODS_CONFIGURATION_BUILD_DIR}/Mockingjay\"",
					"\"${PODS_CONFIGURATION_BUILD_DIR}/URITemplate\"",
					"\"${PODS_CONFIGURATION_BUILD_DIR}/Nimble\"",
				);
				HEADER_SEARCH_PATHS = (
					"$(inherited)",
					"\"${PODS_CONFIGURATION_BUILD_DIR}/Alamofire/Alamofire.framework/Headers\"",
					"\"${PODS_CONFIGURATION_BUILD_DIR}/AlamofireObjectMapper/AlamofireObjectMapper.framework/Headers\"",
					"\"${PODS_CONFIGURATION_BUILD_DIR}/MKProgress/MKProgress.framework/Headers\"",
					"\"${PODS_CONFIGURATION_BUILD_DIR}/ObjectMapper/ObjectMapper.framework/Headers\"",
					"\"${PODS_CONFIGURATION_BUILD_DIR}/RxCocoa/RxCocoa.framework/Headers\"",
					"\"${PODS_CONFIGURATION_BUILD_DIR}/RxRelay/RxRelay.framework/Headers\"",
					"\"${PODS_CONFIGURATION_BUILD_DIR}/RxSwift/RxSwift.framework/Headers\"",
					"\"${PODS_CONFIGURATION_BUILD_DIR}/SnapKit/SnapKit.framework/Headers\"",
					"\"${PODS_CONFIGURATION_BUILD_DIR}/SwiftKeychainWrapper/SwiftKeychainWrapper.framework/Headers\"",
					"\"${PODS_CONFIGURATION_BUILD_DIR}/SwiftyJSON/SwiftyJSON.framework/Headers\"",
					"\"${PODS_CONFIGURATION_BUILD_DIR}/Mockingjay\"",
					"\"${PODS_CONFIGURATION_BUILD_DIR}/URITemplate\"",
					"\"${PODS_CONFIGURATION_BUILD_DIR}/Nimble\"",
				);
				INFOPLIST_FILE = TestApplicationTests/Info.plist;
				LD_RUNPATH_SEARCH_PATHS = (
					"$(inherited)",
					"@executable_path/Frameworks",
					"@loader_path/Frameworks",
				);
				PRODUCT_BUNDLE_IDENTIFIER = com.eyepax.TestApplicationTests;
				PRODUCT_NAME = "$(TARGET_NAME)";
				SWIFT_VERSION = 4.2;
				TARGETED_DEVICE_FAMILY = "1,2";
				TEST_HOST = "$(BUILT_PRODUCTS_DIR)/TestApplication.app/TestApplication";
			};
			name = Debug;
		};
		0E38715C22F823FF00A2C14C /* Release */ = {
			isa = XCBuildConfiguration;
			baseConfigurationReference = A8B283D3F2FDB5A59B6EE433 /* Pods-NewApplicationTests.release.xcconfig */;
			buildSettings = {
				ALWAYS_EMBED_SWIFT_STANDARD_LIBRARIES = YES;
				BUNDLE_LOADER = "$(TEST_HOST)";
				CODE_SIGN_STYLE = Automatic;
				DEVELOPMENT_TEAM = TC4K33K5T3;
				FRAMEWORK_SEARCH_PATHS = (
					"$(inherited)",
					"\"${PODS_CONFIGURATION_BUILD_DIR}/Alamofire\"",
					"\"${PODS_CONFIGURATION_BUILD_DIR}/AlamofireObjectMapper\"",
					"\"${PODS_CONFIGURATION_BUILD_DIR}/MKProgress\"",
					"\"${PODS_CONFIGURATION_BUILD_DIR}/ObjectMapper\"",
					"\"${PODS_CONFIGURATION_BUILD_DIR}/RxCocoa\"",
					"\"${PODS_CONFIGURATION_BUILD_DIR}/RxRelay\"",
					"\"${PODS_CONFIGURATION_BUILD_DIR}/RxSwift\"",
					"\"${PODS_CONFIGURATION_BUILD_DIR}/SnapKit\"",
					"\"${PODS_CONFIGURATION_BUILD_DIR}/SwiftKeychainWrapper\"",
					"\"${PODS_CONFIGURATION_BUILD_DIR}/SwiftyJSON\"",
					"\"${PODS_CONFIGURATION_BUILD_DIR}/Mockingjay\"",
					"\"${PODS_CONFIGURATION_BUILD_DIR}/URITemplate\"",
					"\"${PODS_CONFIGURATION_BUILD_DIR}/Nimble\"",
				);
				HEADER_SEARCH_PATHS = (
					"$(inherited)",
					"\"${PODS_CONFIGURATION_BUILD_DIR}/Alamofire/Alamofire.framework/Headers\"",
					"\"${PODS_CONFIGURATION_BUILD_DIR}/AlamofireObjectMapper/AlamofireObjectMapper.framework/Headers\"",
					"\"${PODS_CONFIGURATION_BUILD_DIR}/MKProgress/MKProgress.framework/Headers\"",
					"\"${PODS_CONFIGURATION_BUILD_DIR}/ObjectMapper/ObjectMapper.framework/Headers\"",
					"\"${PODS_CONFIGURATION_BUILD_DIR}/RxCocoa/RxCocoa.framework/Headers\"",
					"\"${PODS_CONFIGURATION_BUILD_DIR}/RxRelay/RxRelay.framework/Headers\"",
					"\"${PODS_CONFIGURATION_BUILD_DIR}/RxSwift/RxSwift.framework/Headers\"",
					"\"${PODS_CONFIGURATION_BUILD_DIR}/SnapKit/SnapKit.framework/Headers\"",
					"\"${PODS_CONFIGURATION_BUILD_DIR}/SwiftKeychainWrapper/SwiftKeychainWrapper.framework/Headers\"",
					"\"${PODS_CONFIGURATION_BUILD_DIR}/SwiftyJSON/SwiftyJSON.framework/Headers\"",
					"\"${PODS_CONFIGURATION_BUILD_DIR}/Mockingjay\"",
					"\"${PODS_CONFIGURATION_BUILD_DIR}/URITemplate\"",
					"\"${PODS_CONFIGURATION_BUILD_DIR}/Nimble\"",
				);
				INFOPLIST_FILE = TestApplicationTests/Info.plist;
				LD_RUNPATH_SEARCH_PATHS = (
					"$(inherited)",
					"@executable_path/Frameworks",
					"@loader_path/Frameworks",
				);
				PRODUCT_BUNDLE_IDENTIFIER = com.eyepax.TestApplicationTests;
				PRODUCT_NAME = "$(TARGET_NAME)";
				SWIFT_VERSION = 4.2;
				TARGETED_DEVICE_FAMILY = "1,2";
				TEST_HOST = "$(BUILT_PRODUCTS_DIR)/TestApplication.app/TestApplication";
			};
			name = Release;
		};
		0E38715E22F823FF00A2C14C /* Debug */ = {
			isa = XCBuildConfiguration;
			baseConfigurationReference = 4A4596A5B46C4C18D0B40D30 /* Pods-NewApplicationUITests.debug.xcconfig */;
			buildSettings = {
				ALWAYS_EMBED_SWIFT_STANDARD_LIBRARIES = YES;
				CODE_SIGN_STYLE = Automatic;
				DEVELOPMENT_TEAM = TC4K33K5T3;
				INFOPLIST_FILE = TestApplicationUITests/Info.plist;
				LD_RUNPATH_SEARCH_PATHS = (
					"$(inherited)",
					"@executable_path/Frameworks",
					"@loader_path/Frameworks",
				);
				PRODUCT_BUNDLE_IDENTIFIER = com.eyepax.TestApplicationUITests;
				PRODUCT_NAME = "$(TARGET_NAME)";
				SWIFT_VERSION = 4.2;
				TARGETED_DEVICE_FAMILY = "1,2";
				TEST_TARGET_NAME = TestApplication;
			};
			name = Debug;
		};
		0E38715F22F823FF00A2C14C /* Release */ = {
			isa = XCBuildConfiguration;
			baseConfigurationReference = F9B467EA8EBD3C3FAE13D4D6 /* Pods-NewApplicationUITests.release.xcconfig */;
			buildSettings = {
				ALWAYS_EMBED_SWIFT_STANDARD_LIBRARIES = YES;
				CODE_SIGN_STYLE = Automatic;
				DEVELOPMENT_TEAM = TC4K33K5T3;
				INFOPLIST_FILE = TestApplicationUITests/Info.plist;
				LD_RUNPATH_SEARCH_PATHS = (
					"$(inherited)",
					"@executable_path/Frameworks",
					"@loader_path/Frameworks",
				);
				PRODUCT_BUNDLE_IDENTIFIER = com.eyepax.TestApplicationUITests;
				PRODUCT_NAME = "$(TARGET_NAME)";
				SWIFT_VERSION = 4.2;
				TARGETED_DEVICE_FAMILY = "1,2";
				TEST_TARGET_NAME = TestApplication;
			};
			name = Release;
		};
/* End XCBuildConfiguration section */

/* Begin XCConfigurationList section */
		0E38712A22F823F700A2C14C /* Build configuration list for PBXProject "NewApplication" */ = {
			isa = XCConfigurationList;
			buildConfigurations = (
				0E38715522F823FF00A2C14C /* Debug */,
				0E38715622F823FF00A2C14C /* Release */,
			);
			defaultConfigurationIsVisible = 0;
			defaultConfigurationName = Release;
		};
		0E38715722F823FF00A2C14C /* Build configuration list for PBXNativeTarget "NewApplication" */ = {
			isa = XCConfigurationList;
			buildConfigurations = (
				0E38715822F823FF00A2C14C /* Debug */,
				0E38715922F823FF00A2C14C /* Release */,
			);
			defaultConfigurationIsVisible = 0;
			defaultConfigurationName = Release;
		};
		0E38715A22F823FF00A2C14C /* Build configuration list for PBXNativeTarget "NewApplicationTests" */ = {
			isa = XCConfigurationList;
			buildConfigurations = (
				0E38715B22F823FF00A2C14C /* Debug */,
				0E38715C22F823FF00A2C14C /* Release */,
			);
			defaultConfigurationIsVisible = 0;
			defaultConfigurationName = Release;
		};
		0E38715D22F823FF00A2C14C /* Build configuration list for PBXNativeTarget "NewApplicationUITests" */ = {
			isa = XCConfigurationList;
			buildConfigurations = (
				0E38715E22F823FF00A2C14C /* Debug */,
				0E38715F22F823FF00A2C14C /* Release */,
			);
			defaultConfigurationIsVisible = 0;
			defaultConfigurationName = Release;
		};
/* End XCConfigurationList section */
	};
	rootObject = 0E38712722F823F700A2C14C /* Project object */;
}
